
Microsoft Visual Studio Solution File, Format Version 12.00
# Visual Studio Version 16
VisualStudioVersion = 16.0.30717.126
MinimumVisualStudioVersion = 10.0.40219.1
Project("{FAE04EC0-301F-11D3-BF4B-00C04F79EFBC}") = "SNA_Task_01", "SNA_Task_01.csproj", "{F67E44B2-C631-4A73-9517-593715E8DE36}"
EndProject
Global
	GlobalSection(SolutionConfigurationPlatforms) = preSolution
		Debug|Any CPU = Debug|Any CPU
		Release|Any CPU = Release|Any CPU
	EndGlobalSection
	GlobalSection(ProjectConfigurationPlatforms) = postSolution
		{F67E44B2-C631-4A73-9517-593715E8DE36}.Debug|Any CPU.ActiveCfg = Debug|Any CPU
		{F67E44B2-C631-4A73-9517-593715E8DE36}.Debug|Any CPU.Build.0 = Debug|Any CPU
		{F67E44B2-C631-4A73-9517-593715E8DE36}.Release|Any CPU.ActiveCfg = Release|Any CPU
		{F67E44B2-C631-4A73-9517-593715E8DE36}.Release|Any CPU.Build.0 = Release|Any CPU
	EndGlobalSection
	GlobalSection(SolutionProperties) = preSolution
		HideSolutionNode = FALSE
	EndGlobalSection
	GlobalSection(ExtensibilityGlobals) = postSolution
		SolutionGuid = {BAC794D4-4192-428C-94B8-97BEFC3F42E7}
	EndGlobalSection
EndGlobal
